{
  "name": "base64coder",
  "version": "0.2",
  "lockfileVersion": 2,
  "requires": true,
  "packages": {
    "": {
      "name": "base64coder",
      "version": "0.2",
      "license": "MIT",
      "dependencies": {
        "file-saver": "^2.0.5",
        "is-base64": "^1.1.0"
      }
    },
    "node_modules/file-saver": {
      "version": "2.0.5",
      "resolved": "https://registry.npmjs.org/file-saver/-/file-saver-2.0.5.tgz",
      "integrity": "sha512-P9bmyZ3h/PRG+Nzga+rbdI4OEpNDzAVyy74uVO9ATgzLK6VtAsYybF/+TOCvrc0MO793d6+42lLyZTw7/ArVzA=="
    },
    "node_modules/is-base64": {
      "version": "1.1.0",
      "resolved": "https://registry.npmjs.org/is-base64/-/is-base64-1.1.0.tgz",
      "integrity": "sha512-Nlhg7Z2dVC4/PTvIFkgVVNvPHSO2eR/Yd0XzhGiXCXEvWnptXlXa/clQ8aePPiMuxEGcWfzWbGw2Fe3d+Y3v1g==",
      "bin": {
        "is_base64": "bin/is-base64",
        "is-base64": "bin/is-base64"
      }
    }
  },
  "dependencies": {
    "file-saver": {
      "version": "2.0.5",
      "resolved": "https://registry.npmjs.org/file-saver/-/file-saver-2.0.5.tgz",
      "integrity": "sha512-P9bmyZ3h/PRG+Nzga+rbdI4OEpNDzAVyy74uVO9ATgzLK6VtAsYybF/+TOCvrc0MO793d6+42lLyZTw7/ArVzA=="
    },
    "is-base64": {
      "version": "1.1.0",
      "resolved": "https://registry.npmjs.org/is-base64/-/is-base64-1.1.0.tgz",
      "integrity": "sha512-Nlhg7Z2dVC4/PTvIFkgVVNvPHSO2eR/Yd0XzhGiXCXEvWnptXlXa/clQ8aePPiMuxEGcWfzWbGw2Fe3d+Y3v1g=="
    }
  }
}
